
Microsoft Visual Studio Solution File, Format Version 12.00
# Visual Studio Version 16
VisualStudioVersion = 16.0.31410.357
MinimumVisualStudioVersion = 10.0.40219.1
Project("{2150E333-8FDC-42A3-9474-1A3956D46DE8}") = "src", "src", "{8826D56C-F3F5-4C2B-839A-516255CF1720}"
EndProject
Project("{2150E333-8FDC-42A3-9474-1A3956D46DE8}") = "Core", "Core", "{227EAF53-C3A9-474C-89DD-1813075FE8C8}"
EndProject
Project("{2150E333-8FDC-42A3-9474-1A3956D46DE8}") = "Infrastructure", "Infrastructure", "{31001266-C8ED-4092-9A7F-BCC65B7570C2}"
EndProject
Project("{2150E333-8FDC-42A3-9474-1A3956D46DE8}") = "test", "test", "{4CDDBC65-E50C-465B-8FBF-64E483656FB1}"
EndProject
Project("{FAE04EC0-301F-11D3-BF4B-00C04F79EFBC}") = "GS.Application", "GS.Application\GS.Application.csproj", "{3FF7DAE5-F572-42EC-9F4E-1D0C861975A2}"
EndProject
Project("{FAE04EC0-301F-11D3-BF4B-00C04F79EFBC}") = "GS.Domain", "GS.Domain\GS.Domain.csproj", "{C3E15557-9AFA-40A1-AE9D-81648220A800}"
EndProject
Project("{FAE04EC0-301F-11D3-BF4B-00C04F79EFBC}") = "GS.Infrastructure", "GS.Infrastructure\GS.Infrastructure.csproj", "{1C35BF30-7525-46BE-B65A-77461F97A077}"
EndProject
Project("{FAE04EC0-301F-11D3-BF4B-00C04F79EFBC}") = "GS.Persistance", "GS.Persistance\GS.Persistance.csproj", "{79D2BDEB-4287-4851-9B25-5839389014E4}"
EndProject
Project("{2150E333-8FDC-42A3-9474-1A3956D46DE8}") = "API", "API", "{423C9679-D020-4B83-8460-0DD671B9DB97}"
EndProject
Project("{FAE04EC0-301F-11D3-BF4B-00C04F79EFBC}") = "GS.API", "GS.API\GS.API.csproj", "{DDEF2A02-8E46-4C33-8CB9-5FFE43AE60DD}"
EndProject
Project("{FAE04EC0-301F-11D3-BF4B-00C04F79EFBC}") = "GS.Identity", "GS.Identity\GS.Identity.csproj", "{7F8015EC-5060-436D-AC1B-61B5C506F909}"
EndProject
Global
	GlobalSection(SolutionConfigurationPlatforms) = preSolution
		Debug|Any CPU = Debug|Any CPU
		Release|Any CPU = Release|Any CPU
	EndGlobalSection
	GlobalSection(ProjectConfigurationPlatforms) = postSolution
		{3FF7DAE5-F572-42EC-9F4E-1D0C861975A2}.Debug|Any CPU.ActiveCfg = Debug|Any CPU
		{3FF7DAE5-F572-42EC-9F4E-1D0C861975A2}.Debug|Any CPU.Build.0 = Debug|Any CPU
		{3FF7DAE5-F572-42EC-9F4E-1D0C861975A2}.Release|Any CPU.ActiveCfg = Release|Any CPU
		{3FF7DAE5-F572-42EC-9F4E-1D0C861975A2}.Release|Any CPU.Build.0 = Release|Any CPU
		{C3E15557-9AFA-40A1-AE9D-81648220A800}.Debug|Any CPU.ActiveCfg = Debug|Any CPU
		{C3E15557-9AFA-40A1-AE9D-81648220A800}.Debug|Any CPU.Build.0 = Debug|Any CPU
		{C3E15557-9AFA-40A1-AE9D-81648220A800}.Release|Any CPU.ActiveCfg = Release|Any CPU
		{C3E15557-9AFA-40A1-AE9D-81648220A800}.Release|Any CPU.Build.0 = Release|Any CPU
		{1C35BF30-7525-46BE-B65A-77461F97A077}.Debug|Any CPU.ActiveCfg = Debug|Any CPU
		{1C35BF30-7525-46BE-B65A-77461F97A077}.Debug|Any CPU.Build.0 = Debug|Any CPU
		{1C35BF30-7525-46BE-B65A-77461F97A077}.Release|Any CPU.ActiveCfg = Release|Any CPU
		{1C35BF30-7525-46BE-B65A-77461F97A077}.Release|Any CPU.Build.0 = Release|Any CPU
		{79D2BDEB-4287-4851-9B25-5839389014E4}.Debug|Any CPU.ActiveCfg = Debug|Any CPU
		{79D2BDEB-4287-4851-9B25-5839389014E4}.Debug|Any CPU.Build.0 = Debug|Any CPU
		{79D2BDEB-4287-4851-9B25-5839389014E4}.Release|Any CPU.ActiveCfg = Release|Any CPU
		{79D2BDEB-4287-4851-9B25-5839389014E4}.Release|Any CPU.Build.0 = Release|Any CPU
		{DDEF2A02-8E46-4C33-8CB9-5FFE43AE60DD}.Debug|Any CPU.ActiveCfg = Debug|Any CPU
		{DDEF2A02-8E46-4C33-8CB9-5FFE43AE60DD}.Debug|Any CPU.Build.0 = Debug|Any CPU
		{DDEF2A02-8E46-4C33-8CB9-5FFE43AE60DD}.Release|Any CPU.ActiveCfg = Release|Any CPU
		{DDEF2A02-8E46-4C33-8CB9-5FFE43AE60DD}.Release|Any CPU.Build.0 = Release|Any CPU
		{7F8015EC-5060-436D-AC1B-61B5C506F909}.Debug|Any CPU.ActiveCfg = Debug|Any CPU
		{7F8015EC-5060-436D-AC1B-61B5C506F909}.Debug|Any CPU.Build.0 = Debug|Any CPU
		{7F8015EC-5060-436D-AC1B-61B5C506F909}.Release|Any CPU.ActiveCfg = Release|Any CPU
		{7F8015EC-5060-436D-AC1B-61B5C506F909}.Release|Any CPU.Build.0 = Release|Any CPU
	EndGlobalSection
	GlobalSection(SolutionProperties) = preSolution
		HideSolutionNode = FALSE
	EndGlobalSection
	GlobalSection(NestedProjects) = preSolution
		{227EAF53-C3A9-474C-89DD-1813075FE8C8} = {8826D56C-F3F5-4C2B-839A-516255CF1720}
		{31001266-C8ED-4092-9A7F-BCC65B7570C2} = {8826D56C-F3F5-4C2B-839A-516255CF1720}
		{3FF7DAE5-F572-42EC-9F4E-1D0C861975A2} = {227EAF53-C3A9-474C-89DD-1813075FE8C8}
		{C3E15557-9AFA-40A1-AE9D-81648220A800} = {227EAF53-C3A9-474C-89DD-1813075FE8C8}
		{1C35BF30-7525-46BE-B65A-77461F97A077} = {31001266-C8ED-4092-9A7F-BCC65B7570C2}
		{79D2BDEB-4287-4851-9B25-5839389014E4} = {31001266-C8ED-4092-9A7F-BCC65B7570C2}
		{423C9679-D020-4B83-8460-0DD671B9DB97} = {8826D56C-F3F5-4C2B-839A-516255CF1720}
		{DDEF2A02-8E46-4C33-8CB9-5FFE43AE60DD} = {423C9679-D020-4B83-8460-0DD671B9DB97}
		{7F8015EC-5060-436D-AC1B-61B5C506F909} = {31001266-C8ED-4092-9A7F-BCC65B7570C2}
	EndGlobalSection
	GlobalSection(ExtensibilityGlobals) = postSolution
		SolutionGuid = {3C01B6B2-B52F-49F6-94E8-6C478ADB224B}
	EndGlobalSection
EndGlobal
